
Microsoft Visual Studio Solution File, Format Version 12.00
# Visual Studio Version 17
VisualStudioVersion = 17.6.33829.357
MinimumVisualStudioVersion = 10.0.40219.1
Project("{FAE04EC0-301F-11D3-BF4B-00C04F79EFBC}") = "StackOverflowPost", "StackOverflowPost\StackOverflowPost.csproj", "{8EBB88D0-3E66-4A44-9ED6-707F539D90AB}"
EndProject
Global
	GlobalSection(SolutionConfigurationPlatforms) = preSolution
		Debug|Any CPU = Debug|Any CPU
		Release|Any CPU = Release|Any CPU
	EndGlobalSection
	GlobalSection(ProjectConfigurationPlatforms) = postSolution
		{8EBB88D0-3E66-4A44-9ED6-707F539D90AB}.Debug|Any CPU.ActiveCfg = Debug|Any CPU
		{8EBB88D0-3E66-4A44-9ED6-707F539D90AB}.Debug|Any CPU.Build.0 = Debug|Any CPU
		{8EBB88D0-3E66-4A44-9ED6-707F539D90AB}.Release|Any CPU.ActiveCfg = Release|Any CPU
		{8EBB88D0-3E66-4A44-9ED6-707F539D90AB}.Release|Any CPU.Build.0 = Release|Any CPU
	EndGlobalSection
	GlobalSection(SolutionProperties) = preSolution
		HideSolutionNode = FALSE
	EndGlobalSection
	GlobalSection(ExtensibilityGlobals) = postSolution
		SolutionGuid = {3B534A19-6B93-4A0C-9A56-74A446D00030}
	EndGlobalSection
EndGlobal
